# This file is autogenerated, do not edit; changes may be undone by the next 'dep ensure'.


[[projects]]
  name = "github.com/davecgh/go-spew"
  packages = ["spew"]
  revision = "346938d642f2ec3594ed81d874461961cd0faa76"
  version = "v1.1.0"

[[projects]]
  name = "github.com/fdns/godnscapture"
  packages = [".","ip6defrag"]
  revision = "1f0f766866187d5002a1ec27c5b6f8bb9eae6f51"
  version = "v1.0.1"

[[projects]]
  name = "github.com/google/gopacket"
  packages = [".","ip4defrag","layers","pcap","tcpassembly","tcpassembly/tcpreader"]
  revision = "11c65f1ca9081dfea43b4f9643f5c155583b73ba"
  version = "v1.1.14"

[[projects]]
  name = "github.com/kshvakov/clickhouse"
  packages = [".","lib/binary","lib/column","lib/data","lib/protocol","lib/types","lib/writebuffer"]
  revision = "d76698fe87ff6580e00bffa728acc642879f5116"
  version = "v1.2.3"

[[projects]]
  branch = "master"
  name = "github.com/miekg/dns"
  packages = ["."]
  revision = "eccf8bbe836c8cedcdbfbb593ef04da003a0b034"

[[projects]]
  name = "github.com/pmezard/go-difflib"
  packages = ["difflib"]
  revision = "792786c7400a136282c1664665ae0a8db921c6c2"
  version = "v1.0.0"

[[projects]]
  name = "github.com/stretchr/testify"
  packages = ["assert"]
  revision = "69483b4bd14f5845b5a1e55bca19e954e827f1d0"
  version = "v1.1.4"

[solve-meta]
  analyzer-name = "dep"
  analyzer-version = 1
  inputs-digest = "db0c81e45ab9ff470781d8f5902bdd36166baa9cda945cbe18e07a14f69d93c3"
  solver-name = "gps-cdcl"
  solver-version = 1
